{
  "name": "picos",
  "version": "0.7.3",
  "lockfileVersion": 1,
  "requires": true,
  "dependencies": {
    "pico-args": {
      "version": "1.0.13",
      "resolved": "https://registry.npmjs.org/pico-args/-/pico-args-1.0.13.tgz",
      "integrity": "sha512-MbzpsN97SN5g64toteGlHwozYed+r2mkZyftiuHlP/fUkHssi2AVAF9J/G9DG+ztR5hb7eOxMo9RFCBuUhuTCA==",
      "requires": {
        "pico-common": "*"
      }
    },
    "pico-common": {
      "version": "0.11.4",
      "resolved": "https://registry.npmjs.org/pico-common/-/pico-common-0.11.4.tgz",
      "integrity": "sha512-J7opkskG6klgU4vb/e23LH/R+ysWs/SLft6GQyG6kxKTXzNg7buHlhfTHZcx5q99gsQ1KitSgIhUi/UVCWpw3w=="
    },
    "picos-session": {
      "version": "0.1.4",
      "resolved": "https://registry.npmjs.org/picos-session/-/picos-session-0.1.4.tgz",
      "integrity": "sha512-Lv0CD6HNcWGgEkpIHLngIrqCVZgcN9QNsXQyR47RWPpU1B7y4O878t8mnioLhJnSnozjNLWYs4MD6Qmopag4ng==",
      "requires": {
        "pico-common": "^0.10.18"
      },
      "dependencies": {
        "pico-common": {
          "version": "0.10.30",
          "resolved": "https://registry.npmjs.org/pico-common/-/pico-common-0.10.30.tgz",
          "integrity": "sha512-/m6YnE+SvO4uxWuT39vY7+iKegk48u/LVD0sZnhr7LPnBkjzM/aRrWUWEwWB3vwxXCvj5IWBjxUzKJL4GW+o3A=="
        }
      }
    },
    "picos-util": {
      "version": "0.1.4",
      "resolved": "https://registry.npmjs.org/picos-util/-/picos-util-0.1.4.tgz",
      "integrity": "sha512-zYUH7mIvyKcYar1vRwwuaRq3U8YkDq8q0udXQxqpSy/45bSdf0FbLPQorMRRuX+Mp2iZX3/Le/1/kKFNYGZNug==",
      "requires": {
        "pico-common": "^0.10.18"
      },
      "dependencies": {
        "pico-common": {
          "version": "0.10.30",
          "resolved": "https://registry.npmjs.org/pico-common/-/pico-common-0.10.30.tgz",
          "integrity": "sha512-/m6YnE+SvO4uxWuT39vY7+iKegk48u/LVD0sZnhr7LPnBkjzM/aRrWUWEwWB3vwxXCvj5IWBjxUzKJL4GW+o3A=="
        }
      }
    }
  }
}
