{
  "name": "picos",
  "version": "0.5.4",
  "lockfileVersion": 1,
  "requires": true,
  "dependencies": {
    "pico-args": {
      "version": "1.0.9",
      "resolved": "https://registry.npmjs.org/pico-args/-/pico-args-1.0.9.tgz",
      "integrity": "sha1-grInDObhb2xQHzzYXlGlzZ5ThHU=",
      "requires": {
        "pico-common": "0.9.4"
      }
    },
    "pico-common": {
      "version": "0.9.4",
      "resolved": "https://registry.npmjs.org/pico-common/-/pico-common-0.9.4.tgz",
      "integrity": "sha512-UgVdt1sqMPhiOHj4h/Iq2e4DB8Fem1bzwMtKTx/EvSXJqbrmOblI6+xy28YEa0ePhI7ivT4smxXQcYIWs+1SpA=="
    },
    "picos-session": {
      "version": "0.1.1",
      "resolved": "https://registry.npmjs.org/picos-session/-/picos-session-0.1.1.tgz",
      "integrity": "sha512-y4Pfmoz4b9ftbpwcDUzg7FbgyzguOWnuPIjEft0hOgCHgRnZdzDx3MqKQejkALnxnWVS1R3+wBL5Ho9kaZ4gzA==",
      "requires": {
        "pico-common": "0.9.4"
      }
    },
    "picos-util": {
      "version": "0.1.2",
      "resolved": "https://registry.npmjs.org/picos-util/-/picos-util-0.1.2.tgz",
      "integrity": "sha512-Eaev+uZZFeEM3UYVRE3t4JFbfp+e+BLzB2PHFXY4crZWdv1TPXiU9IRVnV+QB/KGxenoLiv7ZVPlyB/KrVqWpQ==",
      "requires": {
        "pico-common": "0.9.4"
      }
    }
  }
}
