{
  "name": "picos",
  "version": "0.5.0",
  "lockfileVersion": 1,
  "requires": true,
  "dependencies": {
    "async-limiter": {
      "version": "1.0.0",
      "resolved": "https://registry.npmjs.org/async-limiter/-/async-limiter-1.0.0.tgz",
      "integrity": "sha512-jp/uFnooOiO+L211eZOoSyzpOITMXx1rBITauYykG3BRYPu8h0UcxsPNB04RR5vo4Tyz3+ay17tR6JVf9qzYWg=="
    },
    "pico-args": {
      "version": "1.0.9",
      "resolved": "https://registry.npmjs.org/pico-args/-/pico-args-1.0.9.tgz",
      "integrity": "sha1-grInDObhb2xQHzzYXlGlzZ5ThHU=",
      "requires": {
        "pico-common": "0.9.4"
      }
    },
    "pico-common": {
      "version": "0.9.4",
      "resolved": "https://registry.npmjs.org/pico-common/-/pico-common-0.9.4.tgz",
      "integrity": "sha512-UgVdt1sqMPhiOHj4h/Iq2e4DB8Fem1bzwMtKTx/EvSXJqbrmOblI6+xy28YEa0ePhI7ivT4smxXQcYIWs+1SpA=="
    },
    "pico-jwt": {
      "version": "0.2.2",
      "resolved": "https://registry.npmjs.org/pico-jwt/-/pico-jwt-0.2.2.tgz",
      "integrity": "sha512-kQ+zGwRp8GRz41c4/Rf8rqarZnsPhUxTPm3Q5DmcmcFhfvLXJqK3M9ZjR650GIBEe16A2gKOJ08O5mclAGyTUA=="
    },
    "picos-session": {
      "version": "0.1.1",
      "resolved": "https://registry.npmjs.org/picos-session/-/picos-session-0.1.1.tgz",
      "integrity": "sha512-y4Pfmoz4b9ftbpwcDUzg7FbgyzguOWnuPIjEft0hOgCHgRnZdzDx3MqKQejkALnxnWVS1R3+wBL5Ho9kaZ4gzA==",
      "requires": {
        "pico-common": "0.9.4"
      }
    },
    "picos-util": {
      "version": "0.1.2",
      "resolved": "https://registry.npmjs.org/picos-util/-/picos-util-0.1.2.tgz",
      "integrity": "sha512-Eaev+uZZFeEM3UYVRE3t4JFbfp+e+BLzB2PHFXY4crZWdv1TPXiU9IRVnV+QB/KGxenoLiv7ZVPlyB/KrVqWpQ==",
      "requires": {
        "pico-common": "0.9.4"
      }
    },
    "ws": {
      "version": "5.1.1",
      "resolved": "https://registry.npmjs.org/ws/-/ws-5.1.1.tgz",
      "integrity": "sha512-bOusvpCb09TOBLbpMKszd45WKC2KPtxiyiHanv+H2DE3Az+1db5a/L7sVJZVDPUC1Br8f0SKRr1KjLpD1U/IAw==",
      "requires": {
        "async-limiter": "1.0.0"
      }
    }
  }
}
